{
  "name": "Events",
  "lockfileVersion": 2,
  "requires": true,
  "packages": {
    "": {
      "dependencies": {
        "passport-linkedin": "^1.0.0"
      }
    },
    "node_modules/oauth": {
      "version": "0.9.15",
      "resolved": "https://registry.npmjs.org/oauth/-/oauth-0.9.15.tgz",
      "integrity": "sha1-vR/vr2hslrdUda7VGWQS/2DPucE="
    },
    "node_modules/passport-linkedin": {
      "version": "1.0.0",
      "resolved": "https://registry.npmjs.org/passport-linkedin/-/passport-linkedin-1.0.0.tgz",
      "integrity": "sha1-4zAM8jL357S5VxDiOPC7eTa12Fo=",
      "dependencies": {
        "passport-oauth1": "1.x.x"
      },
      "engines": {
        "node": ">= 0.4.0"
      }
    },
    "node_modules/passport-oauth1": {
      "version": "1.2.0",
      "resolved": "https://registry.npmjs.org/passport-oauth1/-/passport-oauth1-1.2.0.tgz",
      "integrity": "sha512-Sv2YWodC6jN12M/OXwmR4BIXeeIHjjbwYTQw4kS6tHK4zYzSEpxBgSJJnknBjICA5cj0ju3FSnG1XmHgIhYnLg==",
      "dependencies": {
        "oauth": "0.9.x",
        "passport-strategy": "1.x.x",
        "utils-merge": "1.x.x"
      },
      "engines": {
        "node": ">= 0.4.0"
      },
      "funding": {
        "type": "github",
        "url": "https://github.com/sponsors/jaredhanson"
      }
    },
    "node_modules/passport-strategy": {
      "version": "1.0.0",
      "resolved": "https://registry.npmjs.org/passport-strategy/-/passport-strategy-1.0.0.tgz",
      "integrity": "sha1-tVOaqPwiWj0a0XlHbd8ja0QPUuQ=",
      "engines": {
        "node": ">= 0.4.0"
      }
    },
    "node_modules/utils-merge": {
      "version": "1.0.1",
      "resolved": "https://registry.npmjs.org/utils-merge/-/utils-merge-1.0.1.tgz",
      "integrity": "sha1-n5VxD1CiZ5R7LMwSR0HBAoQn5xM=",
      "engines": {
        "node": ">= 0.4.0"
      }
    }
  },
  "dependencies": {
    "oauth": {
      "version": "0.9.15",
      "resolved": "https://registry.npmjs.org/oauth/-/oauth-0.9.15.tgz",
      "integrity": "sha1-vR/vr2hslrdUda7VGWQS/2DPucE="
    },
    "passport-linkedin": {
      "version": "1.0.0",
      "resolved": "https://registry.npmjs.org/passport-linkedin/-/passport-linkedin-1.0.0.tgz",
      "integrity": "sha1-4zAM8jL357S5VxDiOPC7eTa12Fo=",
      "requires": {
        "passport-oauth1": "1.x.x"
      }
    },
    "passport-oauth1": {
      "version": "1.2.0",
      "resolved": "https://registry.npmjs.org/passport-oauth1/-/passport-oauth1-1.2.0.tgz",
      "integrity": "sha512-Sv2YWodC6jN12M/OXwmR4BIXeeIHjjbwYTQw4kS6tHK4zYzSEpxBgSJJnknBjICA5cj0ju3FSnG1XmHgIhYnLg==",
      "requires": {
        "oauth": "0.9.x",
        "passport-strategy": "1.x.x",
        "utils-merge": "1.x.x"
      }
    },
    "passport-strategy": {
      "version": "1.0.0",
      "resolved": "https://registry.npmjs.org/passport-strategy/-/passport-strategy-1.0.0.tgz",
      "integrity": "sha1-tVOaqPwiWj0a0XlHbd8ja0QPUuQ="
    },
    "utils-merge": {
      "version": "1.0.1",
      "resolved": "https://registry.npmjs.org/utils-merge/-/utils-merge-1.0.1.tgz",
      "integrity": "sha1-n5VxD1CiZ5R7LMwSR0HBAoQn5xM="
    }
  }
}
